
Microsoft Visual Studio Solution File, Format Version 12.00
# Visual Studio Version 16
VisualStudioVersion = 16.0.31613.86
MinimumVisualStudioVersion = 10.0.40219.1
Project("{FAE04EC0-301F-11D3-BF4B-00C04F79EFBC}") = "PrimeNumbers", "Fibonacci\PrimeNumbers.csproj", "{5CA69F59-643C-4FAA-AD06-DA5802BF14F4}"
EndProject
Global
	GlobalSection(SolutionConfigurationPlatforms) = preSolution
		Debug|Any CPU = Debug|Any CPU
		Release|Any CPU = Release|Any CPU
	EndGlobalSection
	GlobalSection(ProjectConfigurationPlatforms) = postSolution
		{5CA69F59-643C-4FAA-AD06-DA5802BF14F4}.Debug|Any CPU.ActiveCfg = Debug|Any CPU
		{5CA69F59-643C-4FAA-AD06-DA5802BF14F4}.Debug|Any CPU.Build.0 = Debug|Any CPU
		{5CA69F59-643C-4FAA-AD06-DA5802BF14F4}.Release|Any CPU.ActiveCfg = Release|Any CPU
		{5CA69F59-643C-4FAA-AD06-DA5802BF14F4}.Release|Any CPU.Build.0 = Release|Any CPU
	EndGlobalSection
	GlobalSection(SolutionProperties) = preSolution
		HideSolutionNode = FALSE
	EndGlobalSection
	GlobalSection(ExtensibilityGlobals) = postSolution
		SolutionGuid = {6918C01A-FDE2-485F-AE1C-B886487BF439}
	EndGlobalSection
EndGlobal
